
Microsoft Visual Studio Solution File, Format Version 12.00
# Visual Studio 15
VisualStudioVersion = 15.0.26403.7
MinimumVisualStudioVersion = 10.0.40219.1
Project("{FAE04EC0-301F-11D3-BF4B-00C04F79EFBC}") = "EventBus", "EventBus\EventBus.csproj", "{43B84C0E-E092-4EBC-AA9E-4CEA9A27CD62}"
EndProject
Project("{2150E333-8FDC-42A3-9474-1A3956D46DE8}") = "src", "src", "{2C11E84E-352E-4CCD-B57A-30617A7E90A8}"
EndProject
Project("{2150E333-8FDC-42A3-9474-1A3956D46DE8}") = "tests", "tests", "{4B80A113-C45E-4F73-84B1-770D18CE1FF8}"
EndProject
Project("{FAE04EC0-301F-11D3-BF4B-00C04F79EFBC}") = "EventBusRabbitMQ", "EventBusRabbitMQ\EventBusRabbitMQ.csproj", "{EBBD3E97-CA5D-45C9-8F13-82E0436F3A96}"
EndProject
Project("{FAE04EC0-301F-11D3-BF4B-00C04F79EFBC}") = "IntegrationEventLogEF", "IntegrationEventLogEF\IntegrationEventLogEF.csproj", "{C713B659-1F74-4D9A-8C8F-3AD46904CA28}"
EndProject
Project("{2150E333-8FDC-42A3-9474-1A3956D46DE8}") = "EventBus", "EventBus", "{A1221C47-5FF2-4BB5-8C71-FEE791C7767E}"
EndProject
Project("{2150E333-8FDC-42A3-9474-1A3956D46DE8}") = "solution items", "solution items", "{C3870880-D8B4-4611-AADA-B4B636DB879C}"
EndProject
Global
	GlobalSection(SolutionConfigurationPlatforms) = preSolution
		Debug|Any CPU = Debug|Any CPU
		Release|Any CPU = Release|Any CPU
	EndGlobalSection
	GlobalSection(ProjectConfigurationPlatforms) = postSolution
		{43B84C0E-E092-4EBC-AA9E-4CEA9A27CD62}.Debug|Any CPU.ActiveCfg = Debug|Any CPU
		{43B84C0E-E092-4EBC-AA9E-4CEA9A27CD62}.Debug|Any CPU.Build.0 = Debug|Any CPU
		{43B84C0E-E092-4EBC-AA9E-4CEA9A27CD62}.Release|Any CPU.ActiveCfg = Release|Any CPU
		{43B84C0E-E092-4EBC-AA9E-4CEA9A27CD62}.Release|Any CPU.Build.0 = Release|Any CPU
		{EBBD3E97-CA5D-45C9-8F13-82E0436F3A96}.Debug|Any CPU.ActiveCfg = Debug|Any CPU
		{EBBD3E97-CA5D-45C9-8F13-82E0436F3A96}.Debug|Any CPU.Build.0 = Debug|Any CPU
		{EBBD3E97-CA5D-45C9-8F13-82E0436F3A96}.Release|Any CPU.ActiveCfg = Release|Any CPU
		{EBBD3E97-CA5D-45C9-8F13-82E0436F3A96}.Release|Any CPU.Build.0 = Release|Any CPU
		{C713B659-1F74-4D9A-8C8F-3AD46904CA28}.Debug|Any CPU.ActiveCfg = Debug|Any CPU
		{C713B659-1F74-4D9A-8C8F-3AD46904CA28}.Debug|Any CPU.Build.0 = Debug|Any CPU
		{C713B659-1F74-4D9A-8C8F-3AD46904CA28}.Release|Any CPU.ActiveCfg = Release|Any CPU
		{C713B659-1F74-4D9A-8C8F-3AD46904CA28}.Release|Any CPU.Build.0 = Release|Any CPU
	EndGlobalSection
	GlobalSection(SolutionProperties) = preSolution
		HideSolutionNode = FALSE
	EndGlobalSection
	GlobalSection(NestedProjects) = preSolution
		{43B84C0E-E092-4EBC-AA9E-4CEA9A27CD62} = {A1221C47-5FF2-4BB5-8C71-FEE791C7767E}
		{EBBD3E97-CA5D-45C9-8F13-82E0436F3A96} = {A1221C47-5FF2-4BB5-8C71-FEE791C7767E}
		{C713B659-1F74-4D9A-8C8F-3AD46904CA28} = {A1221C47-5FF2-4BB5-8C71-FEE791C7767E}
		{A1221C47-5FF2-4BB5-8C71-FEE791C7767E} = {2C11E84E-352E-4CCD-B57A-30617A7E90A8}
	EndGlobalSection
EndGlobal
